
Microsoft Visual Studio Solution File, Format Version 12.00
# Visual Studio Version 17
VisualStudioVersion = 17.0.32126.317
MinimumVisualStudioVersion = 10.0.40219.1
Project("{FAE04EC0-301F-11D3-BF4B-00C04F79EFBC}") = "SistemaLogin", "SistemaLogin\SistemaLogin.csproj", "{BAD6A166-5660-4A62-BD35-26A6BD590A0F}"
EndProject
Global
	GlobalSection(SolutionConfigurationPlatforms) = preSolution
		Debug|Any CPU = Debug|Any CPU
		Release|Any CPU = Release|Any CPU
	EndGlobalSection
	GlobalSection(ProjectConfigurationPlatforms) = postSolution
		{BAD6A166-5660-4A62-BD35-26A6BD590A0F}.Debug|Any CPU.ActiveCfg = Debug|Any CPU
		{BAD6A166-5660-4A62-BD35-26A6BD590A0F}.Debug|Any CPU.Build.0 = Debug|Any CPU
		{BAD6A166-5660-4A62-BD35-26A6BD590A0F}.Release|Any CPU.ActiveCfg = Release|Any CPU
		{BAD6A166-5660-4A62-BD35-26A6BD590A0F}.Release|Any CPU.Build.0 = Release|Any CPU
	EndGlobalSection
	GlobalSection(SolutionProperties) = preSolution
		HideSolutionNode = FALSE
	EndGlobalSection
	GlobalSection(ExtensibilityGlobals) = postSolution
		SolutionGuid = {2A1174AF-E9C7-4E3D-8102-F84AF1B698F2}
	EndGlobalSection
EndGlobal
